
Microsoft Visual Studio Solution File, Format Version 12.00
# Visual Studio Version 17
VisualStudioVersion = 17.4.33213.308
MinimumVisualStudioVersion = 10.0.40219.1
Project("{FAE04EC0-301F-11D3-BF4B-00C04F79EFBC}") = "TlsClientNetFramework", "TlsTest\TlsClientNetFramework\TlsClientNetFramework.csproj", "{01E44212-EC7E-4B03-AA54-82048B029E02}"
EndProject
Project("{9A19103F-16F7-4668-BE54-9A1E7A4F7556}") = "TlsServer", "TlsTest\TlsServer\TlsServer.csproj", "{E9B0706C-C59E-475A-9EAB-725C992DDE99}"
EndProject
Global
	GlobalSection(SolutionConfigurationPlatforms) = preSolution
		Debug|Any CPU = Debug|Any CPU
		Release|Any CPU = Release|Any CPU
	EndGlobalSection
	GlobalSection(ProjectConfigurationPlatforms) = postSolution
		{01E44212-EC7E-4B03-AA54-82048B029E02}.Debug|Any CPU.ActiveCfg = Debug|Any CPU
		{01E44212-EC7E-4B03-AA54-82048B029E02}.Debug|Any CPU.Build.0 = Debug|Any CPU
		{01E44212-EC7E-4B03-AA54-82048B029E02}.Release|Any CPU.ActiveCfg = Release|Any CPU
		{01E44212-EC7E-4B03-AA54-82048B029E02}.Release|Any CPU.Build.0 = Release|Any CPU
		{E9B0706C-C59E-475A-9EAB-725C992DDE99}.Debug|Any CPU.ActiveCfg = Debug|Any CPU
		{E9B0706C-C59E-475A-9EAB-725C992DDE99}.Debug|Any CPU.Build.0 = Debug|Any CPU
		{E9B0706C-C59E-475A-9EAB-725C992DDE99}.Release|Any CPU.ActiveCfg = Release|Any CPU
		{E9B0706C-C59E-475A-9EAB-725C992DDE99}.Release|Any CPU.Build.0 = Release|Any CPU
	EndGlobalSection
	GlobalSection(SolutionProperties) = preSolution
		HideSolutionNode = FALSE
	EndGlobalSection
	GlobalSection(ExtensibilityGlobals) = postSolution
		SolutionGuid = {A6360897-D9F2-4AA5-93D3-3E53B5A77E1F}
	EndGlobalSection
EndGlobal
